
Microsoft Visual Studio Solution File, Format Version 12.00
# Visual Studio Version 17
VisualStudioVersion = 17.7.34018.315
MinimumVisualStudioVersion = 10.0.40219.1
Project("{9A19103F-16F7-4668-BE54-9A1E7A4F7556}") = "sitScrum", "sitScrum\sitScrum.csproj", "{859D822B-EB19-482E-BC30-C909FD40E5D8}"
EndProject
Project("{2150E333-8FDC-42A3-9474-1A3956D46DE8}") = "business", "business", "{9EAF95B1-714D-480E-AB42-515BA33F8389}"
EndProject
Project("{2150E333-8FDC-42A3-9474-1A3956D46DE8}") = "dataaccess", "dataaccess", "{E704B9DE-439C-4D19-AF09-3539A1749D65}"
EndProject
Project("{2150E333-8FDC-42A3-9474-1A3956D46DE8}") = "models", "models", "{526AA065-64CA-44D4-8284-4A24D7BD794D}"
EndProject
Project("{2150E333-8FDC-42A3-9474-1A3956D46DE8}") = "shared", "shared", "{E9FCE531-6A6F-457D-BC8E-B31BE5493137}"
EndProject
Project("{9A19103F-16F7-4668-BE54-9A1E7A4F7556}") = "clbModels", "clbModels\clbModels.csproj", "{0394DB55-029E-4DBD-9493-8DE1AFA1BA85}"
EndProject
Project("{9A19103F-16F7-4668-BE54-9A1E7A4F7556}") = "clbDataAccess", "clbDataAccess\clbDataAccess.csproj", "{FE670F48-60A2-45E1-A9AC-B31AE55CDB47}"
EndProject
Project("{9A19103F-16F7-4668-BE54-9A1E7A4F7556}") = "clbDataAccessInterface", "clbDataAccessInterface\clbDataAccessInterface.csproj", "{1465A218-467C-4D19-8466-B351FDA13910}"
EndProject
Project("{9A19103F-16F7-4668-BE54-9A1E7A4F7556}") = "clbBusiness", "clbBusiness\clbBusiness.csproj", "{A9B65781-9215-49E4-8661-845F3B2BD74A}"
EndProject
Project("{9A19103F-16F7-4668-BE54-9A1E7A4F7556}") = "clbBusinessInterface", "clbBusinessInterface\clbBusinessInterface.csproj", "{119065A6-24AC-4E21-ADD6-800EBC30BF4B}"
EndProject
Project("{2150E333-8FDC-42A3-9474-1A3956D46DE8}") = "Utils", "Utils", "{220A7ABE-7717-4694-AAD0-F79078D46FE3}"
EndProject
Project("{9A19103F-16F7-4668-BE54-9A1E7A4F7556}") = "IMSAUtil", "IMSAUtil\IMSAUtil.csproj", "{C97AAFCE-4EFC-4003-91F4-C4B87248956E}"
EndProject
Project("{9A19103F-16F7-4668-BE54-9A1E7A4F7556}") = "IMSAUtilInterface", "IMSAUtilInterface\IMSAUtilInterface.csproj", "{8A84F62C-B1D5-4465-B7A2-A1DA74AE63E3}"
EndProject
Project("{9A19103F-16F7-4668-BE54-9A1E7A4F7556}") = "IMSA.Core.Library", "..\..\..\..\..\..\ProyectoMVC\LibreriaEstandar\IMSA.Core.Library\IMSA.Core.Library.csproj", "{D72FF26E-602E-41DC-B04E-47F5CEAA3F4B}"
EndProject
Global
	GlobalSection(SolutionConfigurationPlatforms) = preSolution
		Debug|Any CPU = Debug|Any CPU
		Release|Any CPU = Release|Any CPU
	EndGlobalSection
	GlobalSection(ProjectConfigurationPlatforms) = postSolution
		{859D822B-EB19-482E-BC30-C909FD40E5D8}.Debug|Any CPU.ActiveCfg = Debug|Any CPU
		{859D822B-EB19-482E-BC30-C909FD40E5D8}.Debug|Any CPU.Build.0 = Debug|Any CPU
		{859D822B-EB19-482E-BC30-C909FD40E5D8}.Release|Any CPU.ActiveCfg = Release|Any CPU
		{859D822B-EB19-482E-BC30-C909FD40E5D8}.Release|Any CPU.Build.0 = Release|Any CPU
		{0394DB55-029E-4DBD-9493-8DE1AFA1BA85}.Debug|Any CPU.ActiveCfg = Debug|Any CPU
		{0394DB55-029E-4DBD-9493-8DE1AFA1BA85}.Debug|Any CPU.Build.0 = Debug|Any CPU
		{0394DB55-029E-4DBD-9493-8DE1AFA1BA85}.Release|Any CPU.ActiveCfg = Release|Any CPU
		{0394DB55-029E-4DBD-9493-8DE1AFA1BA85}.Release|Any CPU.Build.0 = Release|Any CPU
		{FE670F48-60A2-45E1-A9AC-B31AE55CDB47}.Debug|Any CPU.ActiveCfg = Debug|Any CPU
		{FE670F48-60A2-45E1-A9AC-B31AE55CDB47}.Debug|Any CPU.Build.0 = Debug|Any CPU
		{FE670F48-60A2-45E1-A9AC-B31AE55CDB47}.Release|Any CPU.ActiveCfg = Release|Any CPU
		{FE670F48-60A2-45E1-A9AC-B31AE55CDB47}.Release|Any CPU.Build.0 = Release|Any CPU
		{1465A218-467C-4D19-8466-B351FDA13910}.Debug|Any CPU.ActiveCfg = Debug|Any CPU
		{1465A218-467C-4D19-8466-B351FDA13910}.Debug|Any CPU.Build.0 = Debug|Any CPU
		{1465A218-467C-4D19-8466-B351FDA13910}.Release|Any CPU.ActiveCfg = Release|Any CPU
		{1465A218-467C-4D19-8466-B351FDA13910}.Release|Any CPU.Build.0 = Release|Any CPU
		{A9B65781-9215-49E4-8661-845F3B2BD74A}.Debug|Any CPU.ActiveCfg = Debug|Any CPU
		{A9B65781-9215-49E4-8661-845F3B2BD74A}.Debug|Any CPU.Build.0 = Debug|Any CPU
		{A9B65781-9215-49E4-8661-845F3B2BD74A}.Release|Any CPU.ActiveCfg = Release|Any CPU
		{A9B65781-9215-49E4-8661-845F3B2BD74A}.Release|Any CPU.Build.0 = Release|Any CPU
		{119065A6-24AC-4E21-ADD6-800EBC30BF4B}.Debug|Any CPU.ActiveCfg = Debug|Any CPU
		{119065A6-24AC-4E21-ADD6-800EBC30BF4B}.Debug|Any CPU.Build.0 = Debug|Any CPU
		{119065A6-24AC-4E21-ADD6-800EBC30BF4B}.Release|Any CPU.ActiveCfg = Release|Any CPU
		{119065A6-24AC-4E21-ADD6-800EBC30BF4B}.Release|Any CPU.Build.0 = Release|Any CPU
		{C97AAFCE-4EFC-4003-91F4-C4B87248956E}.Debug|Any CPU.ActiveCfg = Debug|Any CPU
		{C97AAFCE-4EFC-4003-91F4-C4B87248956E}.Debug|Any CPU.Build.0 = Debug|Any CPU
		{C97AAFCE-4EFC-4003-91F4-C4B87248956E}.Release|Any CPU.ActiveCfg = Release|Any CPU
		{C97AAFCE-4EFC-4003-91F4-C4B87248956E}.Release|Any CPU.Build.0 = Release|Any CPU
		{8A84F62C-B1D5-4465-B7A2-A1DA74AE63E3}.Debug|Any CPU.ActiveCfg = Debug|Any CPU
		{8A84F62C-B1D5-4465-B7A2-A1DA74AE63E3}.Debug|Any CPU.Build.0 = Debug|Any CPU
		{8A84F62C-B1D5-4465-B7A2-A1DA74AE63E3}.Release|Any CPU.ActiveCfg = Release|Any CPU
		{8A84F62C-B1D5-4465-B7A2-A1DA74AE63E3}.Release|Any CPU.Build.0 = Release|Any CPU
		{D72FF26E-602E-41DC-B04E-47F5CEAA3F4B}.Debug|Any CPU.ActiveCfg = Debug|Any CPU
		{D72FF26E-602E-41DC-B04E-47F5CEAA3F4B}.Debug|Any CPU.Build.0 = Debug|Any CPU
		{D72FF26E-602E-41DC-B04E-47F5CEAA3F4B}.Release|Any CPU.ActiveCfg = Release|Any CPU
		{D72FF26E-602E-41DC-B04E-47F5CEAA3F4B}.Release|Any CPU.Build.0 = Release|Any CPU
	EndGlobalSection
	GlobalSection(SolutionProperties) = preSolution
		HideSolutionNode = FALSE
	EndGlobalSection
	GlobalSection(NestedProjects) = preSolution
		{0394DB55-029E-4DBD-9493-8DE1AFA1BA85} = {526AA065-64CA-44D4-8284-4A24D7BD794D}
		{FE670F48-60A2-45E1-A9AC-B31AE55CDB47} = {E704B9DE-439C-4D19-AF09-3539A1749D65}
		{1465A218-467C-4D19-8466-B351FDA13910} = {E704B9DE-439C-4D19-AF09-3539A1749D65}
		{A9B65781-9215-49E4-8661-845F3B2BD74A} = {9EAF95B1-714D-480E-AB42-515BA33F8389}
		{119065A6-24AC-4E21-ADD6-800EBC30BF4B} = {9EAF95B1-714D-480E-AB42-515BA33F8389}
		{C97AAFCE-4EFC-4003-91F4-C4B87248956E} = {220A7ABE-7717-4694-AAD0-F79078D46FE3}
		{8A84F62C-B1D5-4465-B7A2-A1DA74AE63E3} = {220A7ABE-7717-4694-AAD0-F79078D46FE3}
		{D72FF26E-602E-41DC-B04E-47F5CEAA3F4B} = {E9FCE531-6A6F-457D-BC8E-B31BE5493137}
	EndGlobalSection
	GlobalSection(ExtensibilityGlobals) = postSolution
		SolutionGuid = {129BA7A6-3B78-48B6-88CF-F12357465D78}
	EndGlobalSection
EndGlobal
